
Microsoft Visual Studio Solution File, Format Version 12.00
# Visual Studio Version 17
VisualStudioVersion = 17.9.34622.214
MinimumVisualStudioVersion = 10.0.40219.1
Project("{9A19103F-16F7-4668-BE54-9A1E7A4F7556}") = "GestorJP", "GestorJP.csproj", "{9F7D22B5-8E16-45E7-8D9E-FE433C541FDA}"
EndProject
Project("{9A19103F-16F7-4668-BE54-9A1E7A4F7556}") = "GestorJP.Server", "..\GestorJP.Server\GestorJP.Server.csproj", "{6D44E87D-FE67-4FC3-AC55-9E1CE70FAFDE}"
EndProject
Project("{9A19103F-16F7-4668-BE54-9A1E7A4F7556}") = "GestorJP.Shared", "..\GestorJP.Shared\GestorJP.Shared.csproj", "{F0FFF141-E927-4138-B98C-341F080E45A5}"
EndProject
Global
	GlobalSection(SolutionConfigurationPlatforms) = preSolution
		Debug|Any CPU = Debug|Any CPU
		Release|Any CPU = Release|Any CPU
	EndGlobalSection
	GlobalSection(ProjectConfigurationPlatforms) = postSolution
		{9F7D22B5-8E16-45E7-8D9E-FE433C541FDA}.Debug|Any CPU.ActiveCfg = Debug|Any CPU
		{9F7D22B5-8E16-45E7-8D9E-FE433C541FDA}.Debug|Any CPU.Build.0 = Debug|Any CPU
		{9F7D22B5-8E16-45E7-8D9E-FE433C541FDA}.Release|Any CPU.ActiveCfg = Release|Any CPU
		{9F7D22B5-8E16-45E7-8D9E-FE433C541FDA}.Release|Any CPU.Build.0 = Release|Any CPU
		{6D44E87D-FE67-4FC3-AC55-9E1CE70FAFDE}.Debug|Any CPU.ActiveCfg = Debug|Any CPU
		{6D44E87D-FE67-4FC3-AC55-9E1CE70FAFDE}.Debug|Any CPU.Build.0 = Debug|Any CPU
		{6D44E87D-FE67-4FC3-AC55-9E1CE70FAFDE}.Release|Any CPU.ActiveCfg = Release|Any CPU
		{6D44E87D-FE67-4FC3-AC55-9E1CE70FAFDE}.Release|Any CPU.Build.0 = Release|Any CPU
		{F0FFF141-E927-4138-B98C-341F080E45A5}.Debug|Any CPU.ActiveCfg = Debug|Any CPU
		{F0FFF141-E927-4138-B98C-341F080E45A5}.Debug|Any CPU.Build.0 = Debug|Any CPU
		{F0FFF141-E927-4138-B98C-341F080E45A5}.Release|Any CPU.ActiveCfg = Release|Any CPU
		{F0FFF141-E927-4138-B98C-341F080E45A5}.Release|Any CPU.Build.0 = Release|Any CPU
	EndGlobalSection
	GlobalSection(SolutionProperties) = preSolution
		HideSolutionNode = FALSE
	EndGlobalSection
	GlobalSection(ExtensibilityGlobals) = postSolution
		SolutionGuid = {1187150A-94E3-441F-AC13-CABDA0B2C8C4}
	EndGlobalSection
EndGlobal
